<?xml version="1.0" encoding="utf-8"?>
<Project ToolsVersion="4.0" xmlns="http://schemas.microsoft.com/developer/msbuild/2003">
  <ItemGroup>
    <Filter Include="Source Files">
      <UniqueIdentifier>{4FC737F1-C7A5-4376-A066-2A32D752A2FF}</UniqueIdentifier>
      <Extensions>cpp;c;cc;cxx;def;odl;idl;hpj;bat;asm;asmx</Extensions>
    </Filter>
    <Filter Include="Header Files">
      <UniqueIdentifier>{93995380-89BD-4b04-88EB-625FBE52EBFB}</UniqueIdentifier>
      <Extensions>h;hpp;hxx;hm;inl;inc;xsd</Extensions>
    </Filter>
    <Filter Include="Resource Files">
      <UniqueIdentifier>{67DA6AB6-F800-4c08-8B7A-83BB121AAD01}</UniqueIdentifier>
      <Extensions>rc;ico;cur;bmp;dlg;rc2;rct;bin;rgs;gif;jpg;jpeg;jpe;resx;tiff;tif;png;wav;mfcribbon-ms</Extensions>
    </Filter>
  </ItemGroup>
  <ItemGroup>
    <ClCompile Include="Source\Main.cpp">
      <Filter>Source Files</Filter>
    </ClCompile>
    <ClCompile Include="Source\Render.cpp">
      <Filter>Source Files</Filter>
    </ClCompile>
    <ClCompile Include="Source\Simulation.cpp">
      <Filter>Source Files</Filter>
    </ClCompile>
    <ClCompile Include="Source\RenderObj.cpp">
      <Filter>Source Files</Filter>
    </ClCompile>
    <ClCompile Include="Source\RenderObjTest.cpp">
      <Filter>Source Files</Filter>
    </ClCompile>
    <ClCompile Include="Source\Obj3D.cpp">
      <Filter>Source Files</Filter>
    </ClCompile>
    <ClCompile Include="Source\filereader.cpp">
      <Filter>Source Files</Filter>
    </ClCompile>
    <ClCompile Include="Source\Terrain.cpp">
      <Filter>Source Files</Filter>
    </ClCompile>
  </ItemGroup>
  <ItemGroup>
    <ClInclude Include="Source\Main.h">
      <Filter>Header Files</Filter>
    </ClInclude>
    <ClInclude Include="Source\Render.h">
      <Filter>Header Files</Filter>
    </ClInclude>
    <ClInclude Include="Source\Simulation.h">
      <Filter>Header Files</Filter>
    </ClInclude>
    <ClInclude Include="Source\Math.h">
      <Filter>Header Files</Filter>
    </ClInclude>
    <ClInclude Include="Source\RenderObj.h">
      <Filter>Header Files</Filter>
    </ClInclude>
    <ClInclude Include="Source\RenderObjBase.h">
      <Filter>Header Files</Filter>
    </ClInclude>
    <ClInclude Include="Source\RenderObjTest.h">
      <Filter>Header Files</Filter>
    </ClInclude>
    <ClInclude Include="Source\Obj3D.h">
      <Filter>Header Files</Filter>
    </ClInclude>
    <ClInclude Include="Source\filereader.h">
      <Filter>Header Files</Filter>
    </ClInclude>
    <ClInclude Include="Source\Terrain.h">
      <Filter>Header Files</Filter>
    </ClInclude>
  </ItemGroup>
  <ItemGroup>
    <None Include="Source\CubeVert.txt">
      <Filter>Source Files</Filter>
    </None>
    <None Include="Source\CubeFrag.txt">
      <Filter>Source Files</Filter>
    </None>
    <None Include="Source\TerrainVert.txt">
      <Filter>Source Files</Filter>
    </None>
    <None Include="Source\TerrainFrag.txt">
      <Filter>Source Files</Filter>
    </None>
<<<<<<< HEAD
    <None Include="SDL-1.2.14\lib\SDL.dll">
      <Filter>Resource Files</Filter>
    </None>
    <None Include="SDL_image-1.2.10\lib\jpeg.dll">
      <Filter>Resource Files</Filter>
    </None>
    <None Include="SDL_image-1.2.10\lib\libpng12-0.dll">
      <Filter>Resource Files</Filter>
    </None>
    <None Include="SDL_image-1.2.10\lib\libtiff-3.dll">
      <Filter>Resource Files</Filter>
    </None>
    <None Include="SDL_image-1.2.10\lib\SDL_image.dll">
      <Filter>Resource Files</Filter>
    </None>
    <None Include="SDL_image-1.2.10\lib\zlib1.dll">
      <Filter>Resource Files</Filter>
    </None>
    <None Include="GLEW\lib\GlewGlutDLLs\glew32.dll">
      <Filter>Resource Files</Filter>
    </None>
    <None Include="GLEW\lib\GlewGlutDLLs\glut32.dll">
      <Filter>Resource Files</Filter>
    </None>
    <None Include="AntTweakBar\lib\AntTweakBar.dll">
      <Filter>Resource Files</Filter>
    </None>
    <None Include="AntTweakBar\lib\AntTweakBar64.dll">
      <Filter>Resource Files</Filter>
    </None>
  </ItemGroup>
  <ItemGroup>
    <Library Include="SDL-1.2.14\lib\SDL.lib">
      <Filter>Resource Files</Filter>
    </Library>
    <Library Include="SDL-1.2.14\lib\SDLmain.lib">
      <Filter>Resource Files</Filter>
    </Library>
    <Library Include="SDL_image-1.2.10\lib\SDL_image.lib">
      <Filter>Resource Files</Filter>
    </Library>
    <Library Include="GLEW\lib\glew32.lib">
      <Filter>Resource Files</Filter>
    </Library>
    <Library Include="GLEW\lib\glut32.lib">
      <Filter>Resource Files</Filter>
    </Library>
    <Library Include="AntTweakBar\lib\AntTweakBar.lib">
      <Filter>Resource Files</Filter>
    </Library>
    <Library Include="AntTweakBar\lib\AntTweakBar64.lib">
      <Filter>Resource Files</Filter>
    </Library>
=======
>>>>>>> a44a87dda496a1b9a36616f84b14d3293ada5939
  </ItemGroup>
</Project>