<?xml version="1.0" encoding="utf-8"?>
<Project ToolsVersion="4.0" xmlns="http://schemas.microsoft.com/developer/msbuild/2003">
  <ItemGroup>
    <ClCompile Include="Source\filereader.cpp">
      <Filter>Source</Filter>
    </ClCompile>
    <ClCompile Include="Source\Main.cpp">
      <Filter>Source</Filter>
    </ClCompile>
    <ClCompile Include="Source\Obj3D.cpp">
      <Filter>Source</Filter>
    </ClCompile>
    <ClCompile Include="Source\Render.cpp">
      <Filter>Source</Filter>
    </ClCompile>
    <ClCompile Include="Source\RenderObj.cpp">
      <Filter>Source</Filter>
    </ClCompile>
    <ClCompile Include="Source\RenderObjTest.cpp">
      <Filter>Source</Filter>
    </ClCompile>
    <ClCompile Include="Source\Simulation.cpp">
      <Filter>Source</Filter>
    </ClCompile>
    <ClCompile Include="Source\Terrain.cpp">
      <Filter>Source</Filter>
    </ClCompile>
  </ItemGroup>
  <ItemGroup>
    <ClInclude Include="Source\filereader.h">
      <Filter>Headers</Filter>
    </ClInclude>
    <ClInclude Include="Source\Main.h">
      <Filter>Headers</Filter>
    </ClInclude>
    <ClInclude Include="Source\Math.h">
      <Filter>Headers</Filter>
    </ClInclude>
    <ClInclude Include="Source\Obj3D.h">
      <Filter>Headers</Filter>
    </ClInclude>
    <ClInclude Include="Source\Render.h">
      <Filter>Headers</Filter>
    </ClInclude>
    <ClInclude Include="Source\RenderObj.h">
      <Filter>Headers</Filter>
    </ClInclude>
    <ClInclude Include="Source\RenderObjBase.h">
      <Filter>Headers</Filter>
    </ClInclude>
    <ClInclude Include="Source\RenderObjTest.h">
      <Filter>Headers</Filter>
    </ClInclude>
    <ClInclude Include="Source\Simulation.h">
      <Filter>Headers</Filter>
    </ClInclude>
    <ClInclude Include="Source\Terrain.h">
      <Filter>Headers</Filter>
    </ClInclude>
  </ItemGroup>
  <ItemGroup>
    <None Include="Source\CubeFrag.txt">
      <Filter>Source</Filter>
    </None>
    <None Include="Source\CubeVert.txt">
      <Filter>Source</Filter>
    </None>
    <None Include="Source\TerrainFrag.txt">
      <Filter>Source</Filter>
    </None>
    <None Include="Source\TerrainVert.txt">
      <Filter>Source</Filter>
    </None>
    <None Include="Source\TexTest.png">
      <Filter>Source</Filter>
    </None>
    <None Include="Source\HeightMap1.bmp">
      <Filter>Source</Filter>
    </None>
  </ItemGroup>
  <ItemGroup>
    <Filter Include="Headers">
      <UniqueIdentifier>{372c67ad-9650-461b-96ea-32ed5fbbd4a8}</UniqueIdentifier>
    </Filter>
    <Filter Include="Source">
      <UniqueIdentifier>{17be8049-9778-403c-8b89-9399aa33fd72}</UniqueIdentifier>
    </Filter>
  </ItemGroup>
</Project>